
Microsoft Visual Studio Solution File, Format Version 12.00
# Visual Studio Version 16
VisualStudioVersion = 16.0.29409.12
MinimumVisualStudioVersion = 10.0.40219.1
Project("{2150E333-8FDC-42A3-9474-1A3956D46DE8}") = "Domain", "Domain", "{537FAC16-952F-49C3-B806-A9823FA95D4A}"
EndProject
Project("{2150E333-8FDC-42A3-9474-1A3956D46DE8}") = "Infra.Bus", "Infra.Bus", "{FC75D9D4-E72C-47C3-966E-00C2ED15059C}"
EndProject
Project("{2150E333-8FDC-42A3-9474-1A3956D46DE8}") = "Infra.IoC", "Infra.IoC", "{9CE4E982-57E0-497B-B2A6-99A2AFEC78E9}"
EndProject
Project("{2150E333-8FDC-42A3-9474-1A3956D46DE8}") = "Microservices", "Microservices", "{F1389282-139D-4F2A-8056-7DC7C7674059}"
EndProject
Project("{2150E333-8FDC-42A3-9474-1A3956D46DE8}") = "Presentation", "Presentation", "{84200F19-E19D-450E-B87B-BAAE070B7ECD}"
EndProject
Project("{9A19103F-16F7-4668-BE54-9A1E7A4F7556}") = "MicroRabbit.Domain.Core", "MicroRabbit.Domain.Core\MicroRabbit.Domain.Core.csproj", "{7DAC9270-5853-408F-AD42-603800C379C1}"
EndProject
Project("{FAE04EC0-301F-11D3-BF4B-00C04F79EFBC}") = "MicroRabbit.Infrastructure.Bus", "MicroRabbit.Infrastructure.Bus\MicroRabbit.Infrastructure.Bus.csproj", "{AE45AB2F-AC3D-4536-A52C-488730558887}"
EndProject
Project("{FAE04EC0-301F-11D3-BF4B-00C04F79EFBC}") = "MicroRabbit.Infra.IoC", "MicroRabbit.Infra.IoC\MicroRabbit.Infra.IoC.csproj", "{9CFDD443-E347-4114-BBC1-9B468E0C194E}"
EndProject
Project("{2150E333-8FDC-42A3-9474-1A3956D46DE8}") = "Banking", "Banking", "{704BAEB9-BE4C-48B5-B645-EF8C0E5FA18F}"
EndProject
Project("{2150E333-8FDC-42A3-9474-1A3956D46DE8}") = "API", "API", "{4DCBB3C8-3908-41A0-9889-25636357A7D3}"
EndProject
Project("{2150E333-8FDC-42A3-9474-1A3956D46DE8}") = "Domain", "Domain", "{8D661DEE-5D20-4232-82E2-5F8F1575AF25}"
EndProject
Project("{2150E333-8FDC-42A3-9474-1A3956D46DE8}") = "Application", "Application", "{86306594-E55B-4AE5-8798-D4BA6715DB79}"
EndProject
Project("{2150E333-8FDC-42A3-9474-1A3956D46DE8}") = "Data", "Data", "{82006C01-0A99-4AB5-994F-9273E04EC80E}"
EndProject
Project("{FAE04EC0-301F-11D3-BF4B-00C04F79EFBC}") = "MicroRabbit.Banking.API", "MicroRabbit.Banking.API\MicroRabbit.Banking.API.csproj", "{CA755F7B-BAEA-49F7-8F58-AFCFC6A9AAB3}"
EndProject
Project("{FAE04EC0-301F-11D3-BF4B-00C04F79EFBC}") = "MicroRabbit.Banking.Application", "MicroRabbit.Banking.Application\MicroRabbit.Banking.Application.csproj", "{4B5F19A4-DA4A-46B9-B2E6-09A1F6A674E8}"
EndProject
Project("{FAE04EC0-301F-11D3-BF4B-00C04F79EFBC}") = "MicroRabbit.Banking.Data", "MicroRabbit.Banking.Data\MicroRabbit.Banking.Data.csproj", "{F8A62696-59FD-442B-A164-AE6D1E5DDB23}"
EndProject
Project("{FAE04EC0-301F-11D3-BF4B-00C04F79EFBC}") = "MicroRabbit.Banking.Domain", "MicroRabbit.Banking.Domain\MicroRabbit.Banking.Domain.csproj", "{0277C685-AC4E-41C3-9E11-131F881B81EE}"
EndProject
Global
	GlobalSection(SolutionConfigurationPlatforms) = preSolution
		Debug|Any CPU = Debug|Any CPU
		Release|Any CPU = Release|Any CPU
	EndGlobalSection
	GlobalSection(ProjectConfigurationPlatforms) = postSolution
		{7DAC9270-5853-408F-AD42-603800C379C1}.Debug|Any CPU.ActiveCfg = Debug|Any CPU
		{7DAC9270-5853-408F-AD42-603800C379C1}.Debug|Any CPU.Build.0 = Debug|Any CPU
		{7DAC9270-5853-408F-AD42-603800C379C1}.Release|Any CPU.ActiveCfg = Release|Any CPU
		{7DAC9270-5853-408F-AD42-603800C379C1}.Release|Any CPU.Build.0 = Release|Any CPU
		{AE45AB2F-AC3D-4536-A52C-488730558887}.Debug|Any CPU.ActiveCfg = Debug|Any CPU
		{AE45AB2F-AC3D-4536-A52C-488730558887}.Debug|Any CPU.Build.0 = Debug|Any CPU
		{AE45AB2F-AC3D-4536-A52C-488730558887}.Release|Any CPU.ActiveCfg = Release|Any CPU
		{AE45AB2F-AC3D-4536-A52C-488730558887}.Release|Any CPU.Build.0 = Release|Any CPU
		{9CFDD443-E347-4114-BBC1-9B468E0C194E}.Debug|Any CPU.ActiveCfg = Debug|Any CPU
		{9CFDD443-E347-4114-BBC1-9B468E0C194E}.Debug|Any CPU.Build.0 = Debug|Any CPU
		{9CFDD443-E347-4114-BBC1-9B468E0C194E}.Release|Any CPU.ActiveCfg = Release|Any CPU
		{9CFDD443-E347-4114-BBC1-9B468E0C194E}.Release|Any CPU.Build.0 = Release|Any CPU
		{CA755F7B-BAEA-49F7-8F58-AFCFC6A9AAB3}.Debug|Any CPU.ActiveCfg = Debug|Any CPU
		{CA755F7B-BAEA-49F7-8F58-AFCFC6A9AAB3}.Debug|Any CPU.Build.0 = Debug|Any CPU
		{CA755F7B-BAEA-49F7-8F58-AFCFC6A9AAB3}.Release|Any CPU.ActiveCfg = Release|Any CPU
		{CA755F7B-BAEA-49F7-8F58-AFCFC6A9AAB3}.Release|Any CPU.Build.0 = Release|Any CPU
		{4B5F19A4-DA4A-46B9-B2E6-09A1F6A674E8}.Debug|Any CPU.ActiveCfg = Debug|Any CPU
		{4B5F19A4-DA4A-46B9-B2E6-09A1F6A674E8}.Debug|Any CPU.Build.0 = Debug|Any CPU
		{4B5F19A4-DA4A-46B9-B2E6-09A1F6A674E8}.Release|Any CPU.ActiveCfg = Release|Any CPU
		{4B5F19A4-DA4A-46B9-B2E6-09A1F6A674E8}.Release|Any CPU.Build.0 = Release|Any CPU
		{F8A62696-59FD-442B-A164-AE6D1E5DDB23}.Debug|Any CPU.ActiveCfg = Debug|Any CPU
		{F8A62696-59FD-442B-A164-AE6D1E5DDB23}.Debug|Any CPU.Build.0 = Debug|Any CPU
		{F8A62696-59FD-442B-A164-AE6D1E5DDB23}.Release|Any CPU.ActiveCfg = Release|Any CPU
		{F8A62696-59FD-442B-A164-AE6D1E5DDB23}.Release|Any CPU.Build.0 = Release|Any CPU
		{0277C685-AC4E-41C3-9E11-131F881B81EE}.Debug|Any CPU.ActiveCfg = Debug|Any CPU
		{0277C685-AC4E-41C3-9E11-131F881B81EE}.Debug|Any CPU.Build.0 = Debug|Any CPU
		{0277C685-AC4E-41C3-9E11-131F881B81EE}.Release|Any CPU.ActiveCfg = Release|Any CPU
		{0277C685-AC4E-41C3-9E11-131F881B81EE}.Release|Any CPU.Build.0 = Release|Any CPU
	EndGlobalSection
	GlobalSection(SolutionProperties) = preSolution
		HideSolutionNode = FALSE
	EndGlobalSection
	GlobalSection(NestedProjects) = preSolution
		{7DAC9270-5853-408F-AD42-603800C379C1} = {537FAC16-952F-49C3-B806-A9823FA95D4A}
		{AE45AB2F-AC3D-4536-A52C-488730558887} = {FC75D9D4-E72C-47C3-966E-00C2ED15059C}
		{9CFDD443-E347-4114-BBC1-9B468E0C194E} = {9CE4E982-57E0-497B-B2A6-99A2AFEC78E9}
		{704BAEB9-BE4C-48B5-B645-EF8C0E5FA18F} = {F1389282-139D-4F2A-8056-7DC7C7674059}
		{4DCBB3C8-3908-41A0-9889-25636357A7D3} = {704BAEB9-BE4C-48B5-B645-EF8C0E5FA18F}
		{8D661DEE-5D20-4232-82E2-5F8F1575AF25} = {704BAEB9-BE4C-48B5-B645-EF8C0E5FA18F}
		{86306594-E55B-4AE5-8798-D4BA6715DB79} = {704BAEB9-BE4C-48B5-B645-EF8C0E5FA18F}
		{82006C01-0A99-4AB5-994F-9273E04EC80E} = {704BAEB9-BE4C-48B5-B645-EF8C0E5FA18F}
		{CA755F7B-BAEA-49F7-8F58-AFCFC6A9AAB3} = {4DCBB3C8-3908-41A0-9889-25636357A7D3}
		{4B5F19A4-DA4A-46B9-B2E6-09A1F6A674E8} = {86306594-E55B-4AE5-8798-D4BA6715DB79}
		{F8A62696-59FD-442B-A164-AE6D1E5DDB23} = {82006C01-0A99-4AB5-994F-9273E04EC80E}
		{0277C685-AC4E-41C3-9E11-131F881B81EE} = {8D661DEE-5D20-4232-82E2-5F8F1575AF25}
	EndGlobalSection
	GlobalSection(ExtensibilityGlobals) = postSolution
		SolutionGuid = {F578530F-10AB-4AE5-97E0-135F4544D930}
	EndGlobalSection
EndGlobal
